
Microsoft Visual Studio Solution File, Format Version 12.00
Project("{FAE04EC0-301F-11D3-BF4B-00C04F79EFBC}") = "Task3", "Task3\Task3.csproj", "{9AA1497D-9973-4E8D-B452-D567F260BD42}"
EndProject
Global
	GlobalSection(SolutionConfigurationPlatforms) = preSolution
		Debug|Any CPU = Debug|Any CPU
		Release|Any CPU = Release|Any CPU
	EndGlobalSection
	GlobalSection(ProjectConfigurationPlatforms) = postSolution
		{9AA1497D-9973-4E8D-B452-D567F260BD42}.Debug|Any CPU.ActiveCfg = Debug|Any CPU
		{9AA1497D-9973-4E8D-B452-D567F260BD42}.Debug|Any CPU.Build.0 = Debug|Any CPU
		{9AA1497D-9973-4E8D-B452-D567F260BD42}.Release|Any CPU.ActiveCfg = Release|Any CPU
		{9AA1497D-9973-4E8D-B452-D567F260BD42}.Release|Any CPU.Build.0 = Release|Any CPU
	EndGlobalSection
EndGlobal
